
Microsoft Visual Studio Solution File, Format Version 12.00
# Visual Studio Version 17
VisualStudioVersion = 17.12.35514.174 d17.12
MinimumVisualStudioVersion = 10.0.40219.1
Project("{FAE04EC0-301F-11D3-BF4B-00C04F79EFBC}") = "HazelShaders", "HazelShaders\HazelShaders.csproj", "{579DE08A-B265-4595-A219-C7C805E5F332}"
EndProject
Global
	GlobalSection(SolutionConfigurationPlatforms) = preSolution
		Debug|Any CPU = Debug|Any CPU
		Debug|arm64 = Debug|arm64
		Debug|x86 = Debug|x86
		Release|Any CPU = Release|Any CPU
		Release|arm64 = Release|arm64
		Release|x86 = Release|x86
	EndGlobalSection
	GlobalSection(ProjectConfigurationPlatforms) = postSolution
		{579DE08A-B265-4595-A219-C7C805E5F332}.Debug|Any CPU.ActiveCfg = Debug|Any CPU
		{579DE08A-B265-4595-A219-C7C805E5F332}.Debug|Any CPU.Build.0 = Debug|Any CPU
		{579DE08A-B265-4595-A219-C7C805E5F332}.Debug|arm64.ActiveCfg = Debug|arm64
		{579DE08A-B265-4595-A219-C7C805E5F332}.Debug|arm64.Build.0 = Debug|arm64
		{579DE08A-B265-4595-A219-C7C805E5F332}.Debug|x86.ActiveCfg = Debug|x86
		{579DE08A-B265-4595-A219-C7C805E5F332}.Debug|x86.Build.0 = Debug|x86
		{579DE08A-B265-4595-A219-C7C805E5F332}.Release|Any CPU.ActiveCfg = Release|Any CPU
		{579DE08A-B265-4595-A219-C7C805E5F332}.Release|Any CPU.Build.0 = Release|Any CPU
		{579DE08A-B265-4595-A219-C7C805E5F332}.Release|arm64.ActiveCfg = Release|arm64
		{579DE08A-B265-4595-A219-C7C805E5F332}.Release|arm64.Build.0 = Release|arm64
		{579DE08A-B265-4595-A219-C7C805E5F332}.Release|x86.ActiveCfg = Release|x86
		{579DE08A-B265-4595-A219-C7C805E5F332}.Release|x86.Build.0 = Release|x86
	EndGlobalSection
	GlobalSection(SolutionProperties) = preSolution
		HideSolutionNode = FALSE
	EndGlobalSection
EndGlobal
